// !$*UTF8*$!
{
	archiveVersion = 1;
	classes = {
	};
	objectVersion = 50;
	objects = {

/* Begin PBXBuildFile section */
		84420BF724350A35002D147C /* AppDelegate.swift in Sources */ = {isa = PBXBuildFile; fileRef = 84420BF624350A35002D147C /* AppDelegate.swift */; };
		84420BF924350A35002D147C /* SceneDelegate.swift in Sources */ = {isa = PBXBuildFile; fileRef = 84420BF824350A35002D147C /* SceneDelegate.swift */; };
		84420BFB24350A35002D147C /* ViewController.swift in Sources */ = {isa = PBXBuildFile; fileRef = 84420BFA24350A35002D147C /* ViewController.swift */; };
		84420BFE24350A35002D147C /* Main.storyboard in Resources */ = {isa = PBXBuildFile; fileRef = 84420BFC24350A35002D147C /* Main.storyboard */; };
		84420C0024350A39002D147C /* Assets.xcassets in Resources */ = {isa = PBXBuildFile; fileRef = 84420BFF24350A39002D147C /* Assets.xcassets */; };
		84420C0324350A39002D147C /* LaunchScreen.storyboard in Resources */ = {isa = PBXBuildFile; fileRef = 84420C0124350A39002D147C /* LaunchScreen.storyboard */; };
		84420C0B24352992002D147C /* QuizViewController.swift in Sources */ = {isa = PBXBuildFile; fileRef = 84420C0A24352992002D147C /* QuizViewController.swift */; };
		84420C0D243529B4002D147C /* ResultViewController.swift in Sources */ = {isa = PBXBuildFile; fileRef = 84420C0C243529B4002D147C /* ResultViewController.swift */; };
		84420C0F24353B67002D147C /* Quiz.swift in Sources */ = {isa = PBXBuildFile; fileRef = 84420C0E24353B67002D147C /* Quiz.swift */; };
		84420C1124353BE4002D147C /* QuizManager.swift in Sources */ = {isa = PBXBuildFile; fileRef = 84420C1024353BE4002D147C /* QuizManager.swift */; };
/* End PBXBuildFile section */

/* Begin PBXFileReference section */
		84420BF324350A35002D147C /* QuizSwift.app */ = {isa = PBXFileReference; explicitFileType = wrapper.application; includeInIndex = 0; path = QuizSwift.app; sourceTree = BUILT_PRODUCTS_DIR; };
		84420BF624350A35002D147C /* AppDelegate.swift */ = {isa = PBXFileReference; lastKnownFileType = sourcecode.swift; path = AppDelegate.swift; sourceTree = "<group>"; };
		84420BF824350A35002D147C /* SceneDelegate.swift */ = {isa = PBXFileReference; lastKnownFileType = sourcecode.swift; path = SceneDelegate.swift; sourceTree = "<group>"; };
		84420BFA24350A35002D147C /* ViewController.swift */ = {isa = PBXFileReference; lastKnownFileType = sourcecode.swift; path = ViewController.swift; sourceTree = "<group>"; };
		84420BFD24350A35002D147C /* Base */ = {isa = PBXFileReference; lastKnownFileType = file.storyboard; name = Base; path = Base.lproj/Main.storyboard; sourceTree = "<group>"; };
		84420BFF24350A39002D147C /* Assets.xcassets */ = {isa = PBXFileReference; lastKnownFileType = folder.assetcatalog; path = Assets.xcassets; sourceTree = "<group>"; };
		84420C0224350A39002D147C /* Base */ = {isa = PBXFileReference; lastKnownFileType = file.storyboard; name = Base; path = Base.lproj/LaunchScreen.storyboard; sourceTree = "<group>"; };
		84420C0424350A39002D147C /* Info.plist */ = {isa = PBXFileReference; lastKnownFileType = text.plist.xml; path = Info.plist; sourceTree = "<group>"; };
		84420C0A24352992002D147C /* QuizViewController.swift */ = {isa = PBXFileReference; lastKnownFileType = sourcecode.swift; path = QuizViewController.swift; sourceTree = "<group>"; };
		84420C0C243529B4002D147C /* ResultViewController.swift */ = {isa = PBXFileReference; lastKnownFileType = sourcecode.swift; path = ResultViewController.swift; sourceTree = "<group>"; };
		84420C0E24353B67002D147C /* Quiz.swift */ = {isa = PBXFileReference; lastKnownFileType = sourcecode.swift; path = Quiz.swift; sourceTree = "<group>"; };
		84420C1024353BE4002D147C /* QuizManager.swift */ = {isa = PBXFileReference; lastKnownFileType = sourcecode.swift; path = QuizManager.swift; sourceTree = "<group>"; };
/* End PBXFileReference section */

/* Begin PBXFrameworksBuildPhase section */
		84420BF024350A35002D147C /* Frameworks */ = {
			isa = PBXFrameworksBuildPhase;
			buildActionMask = 2147483647;
			files = (
			);
			runOnlyForDeploymentPostprocessing = 0;
		};
/* End PBXFrameworksBuildPhase section */

/* Begin PBXGroup section */
		84420BEA24350A35002D147C = {
			isa = PBXGroup;
			children = (
				84420BF524350A35002D147C /* QuizSwift */,
				84420BF424350A35002D147C /* Products */,
			);
			sourceTree = "<group>";
		};
		84420BF424350A35002D147C /* Products */ = {
			isa = PBXGroup;
			children = (
				84420BF324350A35002D147C /* QuizSwift.app */,
			);
			name = Products;
			sourceTree = "<group>";
		};
		84420BF524350A35002D147C /* QuizSwift */ = {
			isa = PBXGroup;
			children = (
				84420BF624350A35002D147C /* AppDelegate.swift */,
				84420BF824350A35002D147C /* SceneDelegate.swift */,
				84420BFA24350A35002D147C /* ViewController.swift */,
				84420BFC24350A35002D147C /* Main.storyboard */,
				84420C0E24353B67002D147C /* Quiz.swift */,
				84420C1024353BE4002D147C /* QuizManager.swift */,
				84420C0A24352992002D147C /* QuizViewController.swift */,
				84420C0C243529B4002D147C /* ResultViewController.swift */,
				84420BFF24350A39002D147C /* Assets.xcassets */,
				84420C0124350A39002D147C /* LaunchScreen.storyboard */,
				84420C0424350A39002D147C /* Info.plist */,
			);
			path = QuizSwift;
			sourceTree = "<group>";
		};
/* End PBXGroup section */

/* Begin PBXNativeTarget section */
		84420BF224350A35002D147C /* QuizSwift */ = {
			isa = PBXNativeTarget;
			buildConfigurationList = 84420C0724350A39002D147C /* Build configuration list for PBXNativeTarget "QuizSwift" */;
			buildPhases = (
				84420BEF24350A35002D147C /* Sources */,
				84420BF024350A35002D147C /* Frameworks */,
				84420BF124350A35002D147C /* Resources */,
			);
			buildRules = (
			);
			dependencies = (
			);
			name = QuizSwift;
			productName = QuizSwift;
			productReference = 84420BF324350A35002D147C /* QuizSwift.app */;
			productType = "com.apple.product-type.application";
		};
/* End PBXNativeTarget section */

/* Begin PBXProject section */
		84420BEB24350A35002D147C /* Project object */ = {
			isa = PBXProject;
			attributes = {
				LastSwiftUpdateCheck = 1140;
				LastUpgradeCheck = 1140;
				ORGANIZATIONNAME = Rafaela;
				TargetAttributes = {
					84420BF224350A35002D147C = {
						CreatedOnToolsVersion = 11.4;
					};
				};
			};
			buildConfigurationList = 84420BEE24350A35002D147C /* Build configuration list for PBXProject "QuizSwift" */;
			compatibilityVersion = "Xcode 9.3";
			developmentRegion = en;
			hasScannedForEncodings = 0;
			knownRegions = (
				en,
				Base,
			);
			mainGroup = 84420BEA24350A35002D147C;
			productRefGroup = 84420BF424350A35002D147C /* Products */;
			projectDirPath = "";
			projectRoot = "";
			targets = (
				84420BF224350A35002D147C /* QuizSwift */,
			);
		};
/* End PBXProject section */

/* Begin PBXResourcesBuildPhase section */
		84420BF124350A35002D147C /* Resources */ = {
			isa = PBXResourcesBuildPhase;
			buildActionMask = 2147483647;
			files = (
				84420C0324350A39002D147C /* LaunchScreen.storyboard in Resources */,
				84420C0024350A39002D147C /* Assets.xcassets in Resources */,
				84420BFE24350A35002D147C /* Main.storyboard in Resources */,
			);
			runOnlyForDeploymentPostprocessing = 0;
		};
/* End PBXResourcesBuildPhase section */

/* Begin PBXSourcesBuildPhase section */
		84420BEF24350A35002D147C /* Sources */ = {
			isa = PBXSourcesBuildPhase;
			buildActionMask = 2147483647;
			files = (
				84420C0D243529B4002D147C /* ResultViewController.swift in Sources */,
				84420BFB24350A35002D147C /* ViewController.swift in Sources */,
				84420C0F24353B67002D147C /* Quiz.swift in Sources */,
				84420C1124353BE4002D147C /* QuizManager.swift in Sources */,
				84420BF724350A35002D147C /* AppDelegate.swift in Sources */,
				84420BF924350A35002D147C /* SceneDelegate.swift in Sources */,
				84420C0B24352992002D147C /* QuizViewController.swift in Sources */,
			);
			runOnlyForDeploymentPostprocessing = 0;
		};
/* End PBXSourcesBuildPhase section */

/* Begin PBXVariantGroup section */
		84420BFC24350A35002D147C /* Main.storyboard */ = {
			isa = PBXVariantGroup;
			children = (
				84420BFD24350A35002D147C /* Base */,
			);
			name = Main.storyboard;
			sourceTree = "<group>";
		};
		84420C0124350A39002D147C /* LaunchScreen.storyboard */ = {
			isa = PBXVariantGroup;
			children = (
				84420C0224350A39002D147C /* Base */,
			);
			name = LaunchScreen.storyboard;
			sourceTree = "<group>";
		};
/* End PBXVariantGroup section */

/* Begin XCBuildConfiguration section */
		84420C0524350A39002D147C /* Debug */ = {
			isa = XCBuildConfiguration;
			buildSettings = {
				ALWAYS_SEARCH_USER_PATHS = NO;
				CLANG_ANALYZER_NONNULL = YES;
				CLANG_ANALYZER_NUMBER_OBJECT_CONVERSION = YES_AGGRESSIVE;
				CLANG_CXX_LANGUAGE_STANDARD = "gnu++14";
				CLANG_CXX_LIBRARY = "libc++";
				CLANG_ENABLE_MODULES = YES;
				CLANG_ENABLE_OBJC_ARC = YES;
				CLANG_ENABLE_OBJC_WEAK = YES;
				CLANG_WARN_BLOCK_CAPTURE_AUTORELEASING = YES;
				CLANG_WARN_BOOL_CONVERSION = YES;
				CLANG_WARN_COMMA = YES;
				CLANG_WARN_CONSTANT_CONVERSION = YES;
				CLANG_WARN_DEPRECATED_OBJC_IMPLEMENTATIONS = YES;
				CLANG_WARN_DIRECT_OBJC_ISA_USAGE = YES_ERROR;
				CLANG_WARN_DOCUMENTATION_COMMENTS = YES;
				CLANG_WARN_EMPTY_BODY = YES;
				CLANG_WARN_ENUM_CONVERSION = YES;
				CLANG_WARN_INFINITE_RECURSION = YES;
				CLANG_WARN_INT_CONVERSION = YES;
				CLANG_WARN_NON_LITERAL_NULL_CONVERSION = YES;
				CLANG_WARN_OBJC_IMPLICIT_RETAIN_SELF = YES;
				CLANG_WARN_OBJC_LITERAL_CONVERSION = YES;
				CLANG_WARN_OBJC_ROOT_CLASS = YES_ERROR;
				CLANG_WARN_RANGE_LOOP_ANALYSIS = YES;
				CLANG_WARN_STRICT_PROTOTYPES = YES;
				CLANG_WARN_SUSPICIOUS_MOVE = YES;
				CLANG_WARN_UNGUARDED_AVAILABILITY = YES_AGGRESSIVE;
				CLANG_WARN_UNREACHABLE_CODE = YES;
				CLANG_WARN__DUPLICATE_METHOD_MATCH = YES;
				COPY_PHASE_STRIP = NO;
				DEBUG_INFORMATION_FORMAT = dwarf;
				ENABLE_STRICT_OBJC_MSGSEND = YES;
				ENABLE_TESTABILITY = YES;
				GCC_C_LANGUAGE_STANDARD = gnu11;
				GCC_DYNAMIC_NO_PIC = NO;
				GCC_NO_COMMON_BLOCKS = YES;
				GCC_OPTIMIZATION_LEVEL = 0;
				GCC_PREPROCESSOR_DEFINITIONS = (
					"DEBUG=1",
					"$(inherited)",
				);
				GCC_WARN_64_TO_32_BIT_CONVERSION = YES;
				GCC_WARN_ABOUT_RETURN_TYPE = YES_ERROR;
				GCC_WARN_UNDECLARED_SELECTOR = YES;
				GCC_WARN_UNINITIALIZED_AUTOS = YES_AGGRESSIVE;
				GCC_WARN_UNUSED_FUNCTION = YES;
				GCC_WARN_UNUSED_VARIABLE = YES;
				IPHONEOS_DEPLOYMENT_TARGET = 13.4;
				MTL_ENABLE_DEBUG_INFO = INCLUDE_SOURCE;
				MTL_FAST_MATH = YES;
				ONLY_ACTIVE_ARCH = YES;
				SDKROOT = iphoneos;
				SWIFT_ACTIVE_COMPILATION_CONDITIONS = DEBUG;
				SWIFT_OPTIMIZATION_LEVEL = "-Onone";
			};
			name = Debug;
		};
		84420C0624350A39002D147C /* Release */ = {
			isa = XCBuildConfiguration;
			buildSettings = {
				ALWAYS_SEARCH_USER_PATHS = NO;
				CLANG_ANALYZER_NONNULL = YES;
				CLANG_ANALYZER_NUMBER_OBJECT_CONVERSION = YES_AGGRESSIVE;
				CLANG_CXX_LANGUAGE_STANDARD = "gnu++14";
				CLANG_CXX_LIBRARY = "libc++";
				CLANG_ENABLE_MODULES = YES;
				CLANG_ENABLE_OBJC_ARC = YES;
				CLANG_ENABLE_OBJC_WEAK = YES;
				CLANG_WARN_BLOCK_CAPTURE_AUTORELEASING = YES;
				CLANG_WARN_BOOL_CONVERSION = YES;
				CLANG_WARN_COMMA = YES;
				CLANG_WARN_CONSTANT_CONVERSION = YES;
				CLANG_WARN_DEPRECATED_OBJC_IMPLEMENTATIONS = YES;
				CLANG_WARN_DIRECT_OBJC_ISA_USAGE = YES_ERROR;
				CLANG_WARN_DOCUMENTATION_COMMENTS = YES;
				CLANG_WARN_EMPTY_BODY = YES;
				CLANG_WARN_ENUM_CONVERSION = YES;
				CLANG_WARN_INFINITE_RECURSION = YES;
				CLANG_WARN_INT_CONVERSION = YES;
				CLANG_WARN_NON_LITERAL_NULL_CONVERSION = YES;
				CLANG_WARN_OBJC_IMPLICIT_RETAIN_SELF = YES;
				CLANG_WARN_OBJC_LITERAL_CONVERSION = YES;
				CLANG_WARN_OBJC_ROOT_CLASS = YES_ERROR;
				CLANG_WARN_RANGE_LOOP_ANALYSIS = YES;
				CLANG_WARN_STRICT_PROTOTYPES = YES;
				CLANG_WARN_SUSPICIOUS_MOVE = YES;
				CLANG_WARN_UNGUARDED_AVAILABILITY = YES_AGGRESSIVE;
				CLANG_WARN_UNREACHABLE_CODE = YES;
				CLANG_WARN__DUPLICATE_METHOD_MATCH = YES;
				COPY_PHASE_STRIP = NO;
				DEBUG_INFORMATION_FORMAT = "dwarf-with-dsym";
				ENABLE_NS_ASSERTIONS = NO;
				ENABLE_STRICT_OBJC_MSGSEND = YES;
				GCC_C_LANGUAGE_STANDARD = gnu11;
				GCC_NO_COMMON_BLOCKS = YES;
				GCC_WARN_64_TO_32_BIT_CONVERSION = YES;
				GCC_WARN_ABOUT_RETURN_TYPE = YES_ERROR;
				GCC_WARN_UNDECLARED_SELECTOR = YES;
				GCC_WARN_UNINITIALIZED_AUTOS = YES_AGGRESSIVE;
				GCC_WARN_UNUSED_FUNCTION = YES;
				GCC_WARN_UNUSED_VARIABLE = YES;
				IPHONEOS_DEPLOYMENT_TARGET = 13.4;
				MTL_ENABLE_DEBUG_INFO = NO;
				MTL_FAST_MATH = YES;
				SDKROOT = iphoneos;
				SWIFT_COMPILATION_MODE = wholemodule;
				SWIFT_OPTIMIZATION_LEVEL = "-O";
				VALIDATE_PRODUCT = YES;
			};
			name = Release;
		};
		84420C0824350A39002D147C /* Debug */ = {
			isa = XCBuildConfiguration;
			buildSettings = {
				ASSETCATALOG_COMPILER_APPICON_NAME = AppIcon;
				CODE_SIGN_STYLE = Automatic;
				INFOPLIST_FILE = QuizSwift/Info.plist;
				LD_RUNPATH_SEARCH_PATHS = (
					"$(inherited)",
					"@executable_path/Frameworks",
				);
				PRODUCT_BUNDLE_IDENTIFIER = com.rafaela.QuizSwift;
				PRODUCT_NAME = "$(TARGET_NAME)";
				SWIFT_VERSION = 5.0;
				TARGETED_DEVICE_FAMILY = 1;
			};
			name = Debug;
		};
		84420C0924350A39002D147C /* Release */ = {
			isa = XCBuildConfiguration;
			buildSettings = {
				ASSETCATALOG_COMPILER_APPICON_NAME = AppIcon;
				CODE_SIGN_STYLE = Automatic;
				INFOPLIST_FILE = QuizSwift/Info.plist;
				LD_RUNPATH_SEARCH_PATHS = (
					"$(inherited)",
					"@executable_path/Frameworks",
				);
				PRODUCT_BUNDLE_IDENTIFIER = com.rafaela.QuizSwift;
				PRODUCT_NAME = "$(TARGET_NAME)";
				SWIFT_VERSION = 5.0;
				TARGETED_DEVICE_FAMILY = 1;
			};
			name = Release;
		};
/* End XCBuildConfiguration section */

/* Begin XCConfigurationList section */
		84420BEE24350A35002D147C /* Build configuration list for PBXProject "QuizSwift" */ = {
			isa = XCConfigurationList;
			buildConfigurations = (
				84420C0524350A39002D147C /* Debug */,
				84420C0624350A39002D147C /* Release */,
			);
			defaultConfigurationIsVisible = 0;
			defaultConfigurationName = Release;
		};
		84420C0724350A39002D147C /* Build configuration list for PBXNativeTarget "QuizSwift" */ = {
			isa = XCConfigurationList;
			buildConfigurations = (
				84420C0824350A39002D147C /* Debug */,
				84420C0924350A39002D147C /* Release */,
			);
			defaultConfigurationIsVisible = 0;
			defaultConfigurationName = Release;
		};
/* End XCConfigurationList section */
	};
	rootObject = 84420BEB24350A35002D147C /* Project object */;
}
